
Microsoft Visual Studio Solution File, Format Version 12.00
# Visual Studio Version 17
VisualStudioVersion = 17.9.34616.47
MinimumVisualStudioVersion = 10.0.40219.1
Project("{9A19103F-16F7-4668-BE54-9A1E7A4F7556}") = "MyCheeseShop", "MyCheeseShop\MyCheeseShop.csproj", "{5971FD2D-E32A-4EC2-BD68-E4A7C9879E0C}"
EndProject
Global
	GlobalSection(SolutionConfigurationPlatforms) = preSolution
		Debug|Any CPU = Debug|Any CPU
		Release|Any CPU = Release|Any CPU
	EndGlobalSection
	GlobalSection(ProjectConfigurationPlatforms) = postSolution
		{5971FD2D-E32A-4EC2-BD68-E4A7C9879E0C}.Debug|Any CPU.ActiveCfg = Debug|Any CPU
		{5971FD2D-E32A-4EC2-BD68-E4A7C9879E0C}.Debug|Any CPU.Build.0 = Debug|Any CPU
		{5971FD2D-E32A-4EC2-BD68-E4A7C9879E0C}.Release|Any CPU.ActiveCfg = Release|Any CPU
		{5971FD2D-E32A-4EC2-BD68-E4A7C9879E0C}.Release|Any CPU.Build.0 = Release|Any CPU
	EndGlobalSection
	GlobalSection(SolutionProperties) = preSolution
		HideSolutionNode = FALSE
	EndGlobalSection
	GlobalSection(ExtensibilityGlobals) = postSolution
		SolutionGuid = {3359353A-23A6-4E17-AA3B-3299388E9270}
	EndGlobalSection
EndGlobal
